// !$*UTF8*$!
{
	archiveVersion = 1;
	classes = {
	};
	objectVersion = 46;
	objects = {

/* Begin PBXBuildFile section */
		4F424CDE1C4203D587BF3C3E /* libPods.a in Frameworks */ = {isa = PBXBuildFile; fileRef = CD95E3EB0F2BD89F233F87E7 /* libPods.a */; };
		D402A5651BD5C5CE00463B84 /* ComposeCommentView.m in Sources */ = {isa = PBXBuildFile; fileRef = D402A5641BD5C5CE00463B84 /* ComposeCommentView.m */; };
		D402A5681BD6963300463B84 /* CameraToolbar.m in Sources */ = {isa = PBXBuildFile; fileRef = D402A5671BD6963300463B84 /* CameraToolbar.m */; };
		D402A56B1BD6E31400463B84 /* CameraViewController.m in Sources */ = {isa = PBXBuildFile; fileRef = D402A56A1BD6E31400463B84 /* CameraViewController.m */; };
		D402A56E1BD6EA3500463B84 /* UIImage+ImageUtilities.m in Sources */ = {isa = PBXBuildFile; fileRef = D402A56D1BD6EA3500463B84 /* UIImage+ImageUtilities.m */; };
		D402A5711BD80AA300463B84 /* CropBox.m in Sources */ = {isa = PBXBuildFile; fileRef = D402A5701BD80AA300463B84 /* CropBox.m */; };
		D402A5741BD80EEE00463B84 /* CropImageViewController.m in Sources */ = {isa = PBXBuildFile; fileRef = D402A5731BD80EEE00463B84 /* CropImageViewController.m */; };
		D402A5771BD8449000463B84 /* ImageLibraryViewController.m in Sources */ = {isa = PBXBuildFile; fileRef = D402A5761BD8449000463B84 /* ImageLibraryViewController.m */; };
		D402A57A1BD8888D00463B84 /* PhotoHeaderView.m in Sources */ = {isa = PBXBuildFile; fileRef = D402A5791BD8888D00463B84 /* PhotoHeaderView.m */; };
		D402A57D1BD98D5600463B84 /* PostToInstagramViewController.m in Sources */ = {isa = PBXBuildFile; fileRef = D402A57C1BD98D5600463B84 /* PostToInstagramViewController.m */; };
		D402A5801BDA93D800463B84 /* FilterViewCell.m in Sources */ = {isa = PBXBuildFile; fileRef = D402A57F1BDA93D800463B84 /* FilterViewCell.m */; };
		D402A5821BDAC47E00463B84 /* UserTests.m in Sources */ = {isa = PBXBuildFile; fileRef = D402A5811BDAC47E00463B84 /* UserTests.m */; };
		D402A5841BDAC58400463B84 /* MediaTests.m in Sources */ = {isa = PBXBuildFile; fileRef = D402A5831BDAC58400463B84 /* MediaTests.m */; };
		D402A5861BDEA8FD00463B84 /* CommentComposeTest.m in Sources */ = {isa = PBXBuildFile; fileRef = D402A5851BDEA8FD00463B84 /* CommentComposeTest.m */; };
		D402A5881BDEC57A00463B84 /* MediaCellHeightTest.m in Sources */ = {isa = PBXBuildFile; fileRef = D402A5871BDEC57A00463B84 /* MediaCellHeightTest.m */; };
		D402A58A1BDF341C00463B84 /* Launch Screen.xib in Resources */ = {isa = PBXBuildFile; fileRef = D402A5891BDF341C00463B84 /* Launch Screen.xib */; };
		D402E0951BCE97CC00BA72F5 /* LoginViewController.m in Sources */ = {isa = PBXBuildFile; fileRef = D402E0941BCE97CC00BA72F5 /* LoginViewController.m */; };
		D409C7E21BD02EED001CC4BC /* MediaFullScreenViewController.m in Sources */ = {isa = PBXBuildFile; fileRef = D409C7E11BD02EED001CC4BC /* MediaFullScreenViewController.m */; };
		D409C7E51BD19359001CC4BC /* MediaFullScreenAnimator.m in Sources */ = {isa = PBXBuildFile; fileRef = D409C7E41BD19359001CC4BC /* MediaFullScreenAnimator.m */; };
		D409C7E81BD47C50001CC4BC /* CircularSpinnerView.m in Sources */ = {isa = PBXBuildFile; fileRef = D409C7E71BD47C50001CC4BC /* CircularSpinnerView.m */; };
		D409C7EB1BD48F05001CC4BC /* LikeButton.m in Sources */ = {isa = PBXBuildFile; fileRef = D409C7EA1BD48F05001CC4BC /* LikeButton.m */; };
		D4AF6F101BC5A7BA0005FA0E /* main.m in Sources */ = {isa = PBXBuildFile; fileRef = D4AF6F0F1BC5A7BA0005FA0E /* main.m */; };
		D4AF6F131BC5A7BA0005FA0E /* AppDelegate.m in Sources */ = {isa = PBXBuildFile; fileRef = D4AF6F121BC5A7BA0005FA0E /* AppDelegate.m */; };
		D4AF6F1B1BC5A7BA0005FA0E /* Images.xcassets in Resources */ = {isa = PBXBuildFile; fileRef = D4AF6F1A1BC5A7BA0005FA0E /* Images.xcassets */; };
		D4AF6F2A1BC5A7BA0005FA0E /* BlocstagramTests.m in Sources */ = {isa = PBXBuildFile; fileRef = D4AF6F291BC5A7BA0005FA0E /* BlocstagramTests.m */; };
		D4AF6F3E1BC5A8F30005FA0E /* 1.jpg in Resources */ = {isa = PBXBuildFile; fileRef = D4AF6F341BC5A8F30005FA0E /* 1.jpg */; };
		D4AF6F3F1BC5A8F30005FA0E /* 2.jpg in Resources */ = {isa = PBXBuildFile; fileRef = D4AF6F351BC5A8F30005FA0E /* 2.jpg */; };
		D4AF6F401BC5A8F30005FA0E /* 3.jpg in Resources */ = {isa = PBXBuildFile; fileRef = D4AF6F361BC5A8F30005FA0E /* 3.jpg */; };
		D4AF6F411BC5A8F30005FA0E /* 4.jpg in Resources */ = {isa = PBXBuildFile; fileRef = D4AF6F371BC5A8F30005FA0E /* 4.jpg */; };
		D4AF6F421BC5A8F30005FA0E /* 5.jpg in Resources */ = {isa = PBXBuildFile; fileRef = D4AF6F381BC5A8F30005FA0E /* 5.jpg */; };
		D4AF6F431BC5A8F30005FA0E /* 6.jpg in Resources */ = {isa = PBXBuildFile; fileRef = D4AF6F391BC5A8F30005FA0E /* 6.jpg */; };
		D4AF6F441BC5A8F30005FA0E /* 7.jpg in Resources */ = {isa = PBXBuildFile; fileRef = D4AF6F3A1BC5A8F30005FA0E /* 7.jpg */; };
		D4AF6F451BC5A8F30005FA0E /* 8.jpg in Resources */ = {isa = PBXBuildFile; fileRef = D4AF6F3B1BC5A8F30005FA0E /* 8.jpg */; };
		D4AF6F461BC5A8F30005FA0E /* 9.jpg in Resources */ = {isa = PBXBuildFile; fileRef = D4AF6F3C1BC5A8F30005FA0E /* 9.jpg */; };
		D4AF6F471BC5A8F30005FA0E /* 10.jpg in Resources */ = {isa = PBXBuildFile; fileRef = D4AF6F3D1BC5A8F30005FA0E /* 10.jpg */; };
		D4AF6F4A1BC5A93C0005FA0E /* ImagesTableViewController.m in Sources */ = {isa = PBXBuildFile; fileRef = D4AF6F491BC5A93C0005FA0E /* ImagesTableViewController.m */; };
		D4AF6F4D1BC5E4940005FA0E /* User.m in Sources */ = {isa = PBXBuildFile; fileRef = D4AF6F4C1BC5E4940005FA0E /* User.m */; };
		D4AF6F501BC5E5890005FA0E /* Media.m in Sources */ = {isa = PBXBuildFile; fileRef = D4AF6F4F1BC5E5890005FA0E /* Media.m */; };
		D4AF6F531BC5E5DF0005FA0E /* Comment.m in Sources */ = {isa = PBXBuildFile; fileRef = D4AF6F521BC5E5DF0005FA0E /* Comment.m */; };
		D4AF6F561BC5E6F20005FA0E /* DataSource.m in Sources */ = {isa = PBXBuildFile; fileRef = D4AF6F551BC5E6F20005FA0E /* DataSource.m */; };
		D4AF6F591BC5FCED0005FA0E /* MediaTableViewCell.m in Sources */ = {isa = PBXBuildFile; fileRef = D4AF6F581BC5FCED0005FA0E /* MediaTableViewCell.m */; };
/* End PBXBuildFile section */

/* Begin PBXContainerItemProxy section */
		D4AF6F241BC5A7BA0005FA0E /* PBXContainerItemProxy */ = {
			isa = PBXContainerItemProxy;
			containerPortal = D4AF6F021BC5A7BA0005FA0E /* Project object */;
			proxyType = 1;
			remoteGlobalIDString = D4AF6F091BC5A7BA0005FA0E;
			remoteInfo = Blocstagram;
		};
/* End PBXContainerItemProxy section */

/* Begin PBXFileReference section */
		A61D1C1FFEE0FEA91B509245 /* Pods.debug.xcconfig */ = {isa = PBXFileReference; includeInIndex = 1; lastKnownFileType = text.xcconfig; name = Pods.debug.xcconfig; path = "Pods/Target Support Files/Pods/Pods.debug.xcconfig"; sourceTree = "<group>"; };
		CD95E3EB0F2BD89F233F87E7 /* libPods.a */ = {isa = PBXFileReference; explicitFileType = archive.ar; includeInIndex = 0; path = libPods.a; sourceTree = BUILT_PRODUCTS_DIR; };
		D402A5631BD5C5CE00463B84 /* ComposeCommentView.h */ = {isa = PBXFileReference; fileEncoding = 4; lastKnownFileType = sourcecode.c.h; path = ComposeCommentView.h; sourceTree = "<group>"; };
		D402A5641BD5C5CE00463B84 /* ComposeCommentView.m */ = {isa = PBXFileReference; fileEncoding = 4; lastKnownFileType = sourcecode.c.objc; path = ComposeCommentView.m; sourceTree = "<group>"; };
		D402A5661BD6963300463B84 /* CameraToolbar.h */ = {isa = PBXFileReference; fileEncoding = 4; lastKnownFileType = sourcecode.c.h; path = CameraToolbar.h; sourceTree = "<group>"; };
		D402A5671BD6963300463B84 /* CameraToolbar.m */ = {isa = PBXFileReference; fileEncoding = 4; lastKnownFileType = sourcecode.c.objc; path = CameraToolbar.m; sourceTree = "<group>"; };
		D402A5691BD6E31400463B84 /* CameraViewController.h */ = {isa = PBXFileReference; fileEncoding = 4; lastKnownFileType = sourcecode.c.h; path = CameraViewController.h; sourceTree = "<group>"; };
		D402A56A1BD6E31400463B84 /* CameraViewController.m */ = {isa = PBXFileReference; fileEncoding = 4; lastKnownFileType = sourcecode.c.objc; path = CameraViewController.m; sourceTree = "<group>"; };
		D402A56C1BD6EA3500463B84 /* UIImage+ImageUtilities.h */ = {isa = PBXFileReference; fileEncoding = 4; lastKnownFileType = sourcecode.c.h; path = "UIImage+ImageUtilities.h"; sourceTree = "<group>"; };
		D402A56D1BD6EA3500463B84 /* UIImage+ImageUtilities.m */ = {isa = PBXFileReference; fileEncoding = 4; lastKnownFileType = sourcecode.c.objc; path = "UIImage+ImageUtilities.m"; sourceTree = "<group>"; };
		D402A56F1BD80AA300463B84 /* CropBox.h */ = {isa = PBXFileReference; fileEncoding = 4; lastKnownFileType = sourcecode.c.h; path = CropBox.h; sourceTree = "<group>"; };
		D402A5701BD80AA300463B84 /* CropBox.m */ = {isa = PBXFileReference; fileEncoding = 4; lastKnownFileType = sourcecode.c.objc; path = CropBox.m; sourceTree = "<group>"; };
		D402A5721BD80EEE00463B84 /* CropImageViewController.h */ = {isa = PBXFileReference; fileEncoding = 4; lastKnownFileType = sourcecode.c.h; path = CropImageViewController.h; sourceTree = "<group>"; };
		D402A5731BD80EEE00463B84 /* CropImageViewController.m */ = {isa = PBXFileReference; fileEncoding = 4; lastKnownFileType = sourcecode.c.objc; path = CropImageViewController.m; sourceTree = "<group>"; };
		D402A5751BD8449000463B84 /* ImageLibraryViewController.h */ = {isa = PBXFileReference; fileEncoding = 4; lastKnownFileType = sourcecode.c.h; path = ImageLibraryViewController.h; sourceTree = "<group>"; };
		D402A5761BD8449000463B84 /* ImageLibraryViewController.m */ = {isa = PBXFileReference; fileEncoding = 4; lastKnownFileType = sourcecode.c.objc; path = ImageLibraryViewController.m; sourceTree = "<group>"; };
		D402A5781BD8888D00463B84 /* PhotoHeaderView.h */ = {isa = PBXFileReference; fileEncoding = 4; lastKnownFileType = sourcecode.c.h; path = PhotoHeaderView.h; sourceTree = "<group>"; };
		D402A5791BD8888D00463B84 /* PhotoHeaderView.m */ = {isa = PBXFileReference; fileEncoding = 4; lastKnownFileType = sourcecode.c.objc; path = PhotoHeaderView.m; sourceTree = "<group>"; };
		D402A57B1BD98D5600463B84 /* PostToInstagramViewController.h */ = {isa = PBXFileReference; fileEncoding = 4; lastKnownFileType = sourcecode.c.h; path = PostToInstagramViewController.h; sourceTree = "<group>"; };
		D402A57C1BD98D5600463B84 /* PostToInstagramViewController.m */ = {isa = PBXFileReference; fileEncoding = 4; lastKnownFileType = sourcecode.c.objc; path = PostToInstagramViewController.m; sourceTree = "<group>"; };
		D402A57E1BDA93D800463B84 /* FilterViewCell.h */ = {isa = PBXFileReference; fileEncoding = 4; lastKnownFileType = sourcecode.c.h; path = FilterViewCell.h; sourceTree = "<group>"; };
		D402A57F1BDA93D800463B84 /* FilterViewCell.m */ = {isa = PBXFileReference; fileEncoding = 4; lastKnownFileType = sourcecode.c.objc; path = FilterViewCell.m; sourceTree = "<group>"; };
		D402A5811BDAC47E00463B84 /* UserTests.m */ = {isa = PBXFileReference; fileEncoding = 4; lastKnownFileType = sourcecode.c.objc; path = UserTests.m; sourceTree = "<group>"; };
		D402A5831BDAC58400463B84 /* MediaTests.m */ = {isa = PBXFileReference; fileEncoding = 4; lastKnownFileType = sourcecode.c.objc; path = MediaTests.m; sourceTree = "<group>"; };
		D402A5851BDEA8FD00463B84 /* CommentComposeTest.m */ = {isa = PBXFileReference; fileEncoding = 4; lastKnownFileType = sourcecode.c.objc; path = CommentComposeTest.m; sourceTree = "<group>"; };
		D402A5871BDEC57A00463B84 /* MediaCellHeightTest.m */ = {isa = PBXFileReference; fileEncoding = 4; lastKnownFileType = sourcecode.c.objc; path = MediaCellHeightTest.m; sourceTree = "<group>"; };
		D402A5891BDF341C00463B84 /* Launch Screen.xib */ = {isa = PBXFileReference; fileEncoding = 4; lastKnownFileType = file.xib; path = "Launch Screen.xib"; sourceTree = "<group>"; };
		D402E0931BCE97CC00BA72F5 /* LoginViewController.h */ = {isa = PBXFileReference; fileEncoding = 4; lastKnownFileType = sourcecode.c.h; path = LoginViewController.h; sourceTree = "<group>"; };
		D402E0941BCE97CC00BA72F5 /* LoginViewController.m */ = {isa = PBXFileReference; fileEncoding = 4; lastKnownFileType = sourcecode.c.objc; path = LoginViewController.m; sourceTree = "<group>"; };
		D409C7E01BD02EED001CC4BC /* MediaFullScreenViewController.h */ = {isa = PBXFileReference; fileEncoding = 4; lastKnownFileType = sourcecode.c.h; path = MediaFullScreenViewController.h; sourceTree = "<group>"; };
		D409C7E11BD02EED001CC4BC /* MediaFullScreenViewController.m */ = {isa = PBXFileReference; fileEncoding = 4; lastKnownFileType = sourcecode.c.objc; path = MediaFullScreenViewController.m; sourceTree = "<group>"; };
		D409C7E31BD19359001CC4BC /* MediaFullScreenAnimator.h */ = {isa = PBXFileReference; fileEncoding = 4; lastKnownFileType = sourcecode.c.h; path = MediaFullScreenAnimator.h; sourceTree = "<group>"; };
		D409C7E41BD19359001CC4BC /* MediaFullScreenAnimator.m */ = {isa = PBXFileReference; fileEncoding = 4; lastKnownFileType = sourcecode.c.objc; path = MediaFullScreenAnimator.m; sourceTree = "<group>"; };
		D409C7E61BD47C50001CC4BC /* CircularSpinnerView.h */ = {isa = PBXFileReference; fileEncoding = 4; lastKnownFileType = sourcecode.c.h; path = CircularSpinnerView.h; sourceTree = "<group>"; };
		D409C7E71BD47C50001CC4BC /* CircularSpinnerView.m */ = {isa = PBXFileReference; fileEncoding = 4; lastKnownFileType = sourcecode.c.objc; path = CircularSpinnerView.m; sourceTree = "<group>"; };
		D409C7E91BD48F05001CC4BC /* LikeButton.h */ = {isa = PBXFileReference; fileEncoding = 4; lastKnownFileType = sourcecode.c.h; path = LikeButton.h; sourceTree = "<group>"; };
		D409C7EA1BD48F05001CC4BC /* LikeButton.m */ = {isa = PBXFileReference; fileEncoding = 4; lastKnownFileType = sourcecode.c.objc; path = LikeButton.m; sourceTree = "<group>"; };
		D4AF6F0A1BC5A7BA0005FA0E /* Blocstagram.app */ = {isa = PBXFileReference; explicitFileType = wrapper.application; includeInIndex = 0; path = Blocstagram.app; sourceTree = BUILT_PRODUCTS_DIR; };
		D4AF6F0E1BC5A7BA0005FA0E /* Info.plist */ = {isa = PBXFileReference; lastKnownFileType = text.plist.xml; path = Info.plist; sourceTree = "<group>"; };
		D4AF6F0F1BC5A7BA0005FA0E /* main.m */ = {isa = PBXFileReference; lastKnownFileType = sourcecode.c.objc; path = main.m; sourceTree = "<group>"; };
		D4AF6F111BC5A7BA0005FA0E /* AppDelegate.h */ = {isa = PBXFileReference; lastKnownFileType = sourcecode.c.h; path = AppDelegate.h; sourceTree = "<group>"; };
		D4AF6F121BC5A7BA0005FA0E /* AppDelegate.m */ = {isa = PBXFileReference; lastKnownFileType = sourcecode.c.objc; path = AppDelegate.m; sourceTree = "<group>"; };
		D4AF6F1A1BC5A7BA0005FA0E /* Images.xcassets */ = {isa = PBXFileReference; lastKnownFileType = folder.assetcatalog; path = Images.xcassets; sourceTree = "<group>"; };
		D4AF6F231BC5A7BA0005FA0E /* BlocstagramTests.xctest */ = {isa = PBXFileReference; explicitFileType = wrapper.cfbundle; includeInIndex = 0; path = BlocstagramTests.xctest; sourceTree = BUILT_PRODUCTS_DIR; };
		D4AF6F281BC5A7BA0005FA0E /* Info.plist */ = {isa = PBXFileReference; lastKnownFileType = text.plist.xml; path = Info.plist; sourceTree = "<group>"; };
		D4AF6F291BC5A7BA0005FA0E /* BlocstagramTests.m */ = {isa = PBXFileReference; lastKnownFileType = sourcecode.c.objc; path = BlocstagramTests.m; sourceTree = "<group>"; };
		D4AF6F341BC5A8F30005FA0E /* 1.jpg */ = {isa = PBXFileReference; lastKnownFileType = image.jpeg; path = 1.jpg; sourceTree = "<group>"; };
		D4AF6F351BC5A8F30005FA0E /* 2.jpg */ = {isa = PBXFileReference; lastKnownFileType = image.jpeg; path = 2.jpg; sourceTree = "<group>"; };
		D4AF6F361BC5A8F30005FA0E /* 3.jpg */ = {isa = PBXFileReference; lastKnownFileType = image.jpeg; path = 3.jpg; sourceTree = "<group>"; };
		D4AF6F371BC5A8F30005FA0E /* 4.jpg */ = {isa = PBXFileReference; lastKnownFileType = image.jpeg; path = 4.jpg; sourceTree = "<group>"; };
		D4AF6F381BC5A8F30005FA0E /* 5.jpg */ = {isa = PBXFileReference; lastKnownFileType = image.jpeg; path = 5.jpg; sourceTree = "<group>"; };
		D4AF6F391BC5A8F30005FA0E /* 6.jpg */ = {isa = PBXFileReference; lastKnownFileType = image.jpeg; path = 6.jpg; sourceTree = "<group>"; };
		D4AF6F3A1BC5A8F30005FA0E /* 7.jpg */ = {isa = PBXFileReference; lastKnownFileType = image.jpeg; path = 7.jpg; sourceTree = "<group>"; };
		D4AF6F3B1BC5A8F30005FA0E /* 8.jpg */ = {isa = PBXFileReference; lastKnownFileType = image.jpeg; path = 8.jpg; sourceTree = "<group>"; };
		D4AF6F3C1BC5A8F30005FA0E /* 9.jpg */ = {isa = PBXFileReference; lastKnownFileType = image.jpeg; path = 9.jpg; sourceTree = "<group>"; };
		D4AF6F3D1BC5A8F30005FA0E /* 10.jpg */ = {isa = PBXFileReference; lastKnownFileType = image.jpeg; path = 10.jpg; sourceTree = "<group>"; };
		D4AF6F481BC5A93C0005FA0E /* ImagesTableViewController.h */ = {isa = PBXFileReference; fileEncoding = 4; lastKnownFileType = sourcecode.c.h; path = ImagesTableViewController.h; sourceTree = "<group>"; };
		D4AF6F491BC5A93C0005FA0E /* ImagesTableViewController.m */ = {isa = PBXFileReference; fileEncoding = 4; lastKnownFileType = sourcecode.c.objc; path = ImagesTableViewController.m; sourceTree = "<group>"; };
		D4AF6F4B1BC5E4940005FA0E /* User.h */ = {isa = PBXFileReference; fileEncoding = 4; lastKnownFileType = sourcecode.c.h; path = User.h; sourceTree = "<group>"; };
		D4AF6F4C1BC5E4940005FA0E /* User.m */ = {isa = PBXFileReference; fileEncoding = 4; lastKnownFileType = sourcecode.c.objc; path = User.m; sourceTree = "<group>"; };
		D4AF6F4E1BC5E5890005FA0E /* Media.h */ = {isa = PBXFileReference; fileEncoding = 4; lastKnownFileType = sourcecode.c.h; path = Media.h; sourceTree = "<group>"; };
		D4AF6F4F1BC5E5890005FA0E /* Media.m */ = {isa = PBXFileReference; fileEncoding = 4; lastKnownFileType = sourcecode.c.objc; path = Media.m; sourceTree = "<group>"; };
		D4AF6F511BC5E5DF0005FA0E /* Comment.h */ = {isa = PBXFileReference; fileEncoding = 4; lastKnownFileType = sourcecode.c.h; path = Comment.h; sourceTree = "<group>"; };
		D4AF6F521BC5E5DF0005FA0E /* Comment.m */ = {isa = PBXFileReference; fileEncoding = 4; lastKnownFileType = sourcecode.c.objc; path = Comment.m; sourceTree = "<group>"; };
		D4AF6F541BC5E6F20005FA0E /* DataSource.h */ = {isa = PBXFileReference; fileEncoding = 4; lastKnownFileType = sourcecode.c.h; path = DataSource.h; sourceTree = "<group>"; };
		D4AF6F551BC5E6F20005FA0E /* DataSource.m */ = {isa = PBXFileReference; fileEncoding = 4; lastKnownFileType = sourcecode.c.objc; path = DataSource.m; sourceTree = "<group>"; };
		D4AF6F571BC5FCED0005FA0E /* MediaTableViewCell.h */ = {isa = PBXFileReference; fileEncoding = 4; lastKnownFileType = sourcecode.c.h; path = MediaTableViewCell.h; sourceTree = "<group>"; };
		D4AF6F581BC5FCED0005FA0E /* MediaTableViewCell.m */ = {isa = PBXFileReference; fileEncoding = 4; lastKnownFileType = sourcecode.c.objc; path = MediaTableViewCell.m; sourceTree = "<group>"; };
		D778A2B4EEEC57AED93EB5D2 /* Pods.release.xcconfig */ = {isa = PBXFileReference; includeInIndex = 1; lastKnownFileType = text.xcconfig; name = Pods.release.xcconfig; path = "Pods/Target Support Files/Pods/Pods.release.xcconfig"; sourceTree = "<group>"; };
/* End PBXFileReference section */

/* Begin PBXFrameworksBuildPhase section */
		D4AF6F071BC5A7BA0005FA0E /* Frameworks */ = {
			isa = PBXFrameworksBuildPhase;
			buildActionMask = 2147483647;
			files = (
				4F424CDE1C4203D587BF3C3E /* libPods.a in Frameworks */,
			);
			runOnlyForDeploymentPostprocessing = 0;
		};
		D4AF6F201BC5A7BA0005FA0E /* Frameworks */ = {
			isa = PBXFrameworksBuildPhase;
			buildActionMask = 2147483647;
			files = (
			);
			runOnlyForDeploymentPostprocessing = 0;
		};
/* End PBXFrameworksBuildPhase section */

/* Begin PBXGroup section */
		4471E3BE81AE8FAF5F153F22 /* Frameworks */ = {
			isa = PBXGroup;
			children = (
				CD95E3EB0F2BD89F233F87E7 /* libPods.a */,
			);
			name = Frameworks;
			sourceTree = "<group>";
		};
		512D980876E305CBD4F0289D /* Pods */ = {
			isa = PBXGroup;
			children = (
				A61D1C1FFEE0FEA91B509245 /* Pods.debug.xcconfig */,
				D778A2B4EEEC57AED93EB5D2 /* Pods.release.xcconfig */,
			);
			name = Pods;
			sourceTree = "<group>";
		};
		D4AF6F011BC5A7BA0005FA0E = {
			isa = PBXGroup;
			children = (
				D4AF6F0C1BC5A7BA0005FA0E /* Blocstagram */,
				D4AF6F261BC5A7BA0005FA0E /* BlocstagramTests */,
				D4AF6F0B1BC5A7BA0005FA0E /* Products */,
				512D980876E305CBD4F0289D /* Pods */,
				4471E3BE81AE8FAF5F153F22 /* Frameworks */,
			);
			sourceTree = "<group>";
		};
		D4AF6F0B1BC5A7BA0005FA0E /* Products */ = {
			isa = PBXGroup;
			children = (
				D4AF6F0A1BC5A7BA0005FA0E /* Blocstagram.app */,
				D4AF6F231BC5A7BA0005FA0E /* BlocstagramTests.xctest */,
			);
			name = Products;
			sourceTree = "<group>";
		};
		D4AF6F0C1BC5A7BA0005FA0E /* Blocstagram */ = {
			isa = PBXGroup;
			children = (
				D4AF6F571BC5FCED0005FA0E /* MediaTableViewCell.h */,
				D4AF6F581BC5FCED0005FA0E /* MediaTableViewCell.m */,
				D402A5631BD5C5CE00463B84 /* ComposeCommentView.h */,
				D402A5641BD5C5CE00463B84 /* ComposeCommentView.m */,
				D409C7E01BD02EED001CC4BC /* MediaFullScreenViewController.h */,
				D409C7E11BD02EED001CC4BC /* MediaFullScreenViewController.m */,
				D402A5721BD80EEE00463B84 /* CropImageViewController.h */,
				D402A5731BD80EEE00463B84 /* CropImageViewController.m */,
				D409C7E31BD19359001CC4BC /* MediaFullScreenAnimator.h */,
				D409C7E41BD19359001CC4BC /* MediaFullScreenAnimator.m */,
				D4AF6F481BC5A93C0005FA0E /* ImagesTableViewController.h */,
				D4AF6F491BC5A93C0005FA0E /* ImagesTableViewController.m */,
				D402A5751BD8449000463B84 /* ImageLibraryViewController.h */,
				D402A5761BD8449000463B84 /* ImageLibraryViewController.m */,
				D402A5781BD8888D00463B84 /* PhotoHeaderView.h */,
				D402A5791BD8888D00463B84 /* PhotoHeaderView.m */,
				D4AF6F4B1BC5E4940005FA0E /* User.h */,
				D4AF6F4C1BC5E4940005FA0E /* User.m */,
				D4AF6F4E1BC5E5890005FA0E /* Media.h */,
				D4AF6F4F1BC5E5890005FA0E /* Media.m */,
				D4AF6F511BC5E5DF0005FA0E /* Comment.h */,
				D4AF6F521BC5E5DF0005FA0E /* Comment.m */,
				D4AF6F541BC5E6F20005FA0E /* DataSource.h */,
				D4AF6F551BC5E6F20005FA0E /* DataSource.m */,
				D402A57E1BDA93D800463B84 /* FilterViewCell.h */,
				D402A57F1BDA93D800463B84 /* FilterViewCell.m */,
				D402E0931BCE97CC00BA72F5 /* LoginViewController.h */,
				D402E0941BCE97CC00BA72F5 /* LoginViewController.m */,
				D4AF6F331BC5A8C80005FA0E /* Images */,
				D4AF6F111BC5A7BA0005FA0E /* AppDelegate.h */,
				D4AF6F121BC5A7BA0005FA0E /* AppDelegate.m */,
				D4AF6F1A1BC5A7BA0005FA0E /* Images.xcassets */,
				D402A5661BD6963300463B84 /* CameraToolbar.h */,
				D402A5671BD6963300463B84 /* CameraToolbar.m */,
				D402A5691BD6E31400463B84 /* CameraViewController.h */,
				D402A56A1BD6E31400463B84 /* CameraViewController.m */,
				D402A56C1BD6EA3500463B84 /* UIImage+ImageUtilities.h */,
				D402A56D1BD6EA3500463B84 /* UIImage+ImageUtilities.m */,
				D4AF6F0D1BC5A7BA0005FA0E /* Supporting Files */,
				D409C7E61BD47C50001CC4BC /* CircularSpinnerView.h */,
				D409C7E71BD47C50001CC4BC /* CircularSpinnerView.m */,
				D409C7E91BD48F05001CC4BC /* LikeButton.h */,
				D409C7EA1BD48F05001CC4BC /* LikeButton.m */,
				D402A56F1BD80AA300463B84 /* CropBox.h */,
				D402A5701BD80AA300463B84 /* CropBox.m */,
				D402A57B1BD98D5600463B84 /* PostToInstagramViewController.h */,
				D402A57C1BD98D5600463B84 /* PostToInstagramViewController.m */,
				D402A5891BDF341C00463B84 /* Launch Screen.xib */,
			);
			path = Blocstagram;
			sourceTree = "<group>";
		};
		D4AF6F0D1BC5A7BA0005FA0E /* Supporting Files */ = {
			isa = PBXGroup;
			children = (
				D4AF6F0E1BC5A7BA0005FA0E /* Info.plist */,
				D4AF6F0F1BC5A7BA0005FA0E /* main.m */,
			);
			name = "Supporting Files";
			sourceTree = "<group>";
		};
		D4AF6F261BC5A7BA0005FA0E /* BlocstagramTests */ = {
			isa = PBXGroup;
			children = (
				D4AF6F291BC5A7BA0005FA0E /* BlocstagramTests.m */,
				D4AF6F271BC5A7BA0005FA0E /* Supporting Files */,
				D402A5811BDAC47E00463B84 /* UserTests.m */,
				D402A5831BDAC58400463B84 /* MediaTests.m */,
				D402A5851BDEA8FD00463B84 /* CommentComposeTest.m */,
				D402A5871BDEC57A00463B84 /* MediaCellHeightTest.m */,
			);
			path = BlocstagramTests;
			sourceTree = "<group>";
		};
		D4AF6F271BC5A7BA0005FA0E /* Supporting Files */ = {
			isa = PBXGroup;
			children = (
				D4AF6F281BC5A7BA0005FA0E /* Info.plist */,
			);
			name = "Supporting Files";
			sourceTree = "<group>";
		};
		D4AF6F331BC5A8C80005FA0E /* Images */ = {
			isa = PBXGroup;
			children = (
				D4AF6F341BC5A8F30005FA0E /* 1.jpg */,
				D4AF6F351BC5A8F30005FA0E /* 2.jpg */,
				D4AF6F361BC5A8F30005FA0E /* 3.jpg */,
				D4AF6F371BC5A8F30005FA0E /* 4.jpg */,
				D4AF6F381BC5A8F30005FA0E /* 5.jpg */,
				D4AF6F391BC5A8F30005FA0E /* 6.jpg */,
				D4AF6F3A1BC5A8F30005FA0E /* 7.jpg */,
				D4AF6F3B1BC5A8F30005FA0E /* 8.jpg */,
				D4AF6F3C1BC5A8F30005FA0E /* 9.jpg */,
				D4AF6F3D1BC5A8F30005FA0E /* 10.jpg */,
			);
			name = Images;
			sourceTree = "<group>";
		};
/* End PBXGroup section */

/* Begin PBXNativeTarget section */
		D4AF6F091BC5A7BA0005FA0E /* Blocstagram */ = {
			isa = PBXNativeTarget;
			buildConfigurationList = D4AF6F2D1BC5A7BA0005FA0E /* Build configuration list for PBXNativeTarget "Blocstagram" */;
			buildPhases = (
				4FF0AFC1EC86198EF6176A30 /* Check Pods Manifest.lock */,
				D4AF6F061BC5A7BA0005FA0E /* Sources */,
				D4AF6F071BC5A7BA0005FA0E /* Frameworks */,
				D4AF6F081BC5A7BA0005FA0E /* Resources */,
				C5956AB32C43A6741E41A152 /* Embed Pods Frameworks */,
				9191C2E5E18BC693698202FD /* Copy Pods Resources */,
			);
			buildRules = (
			);
			dependencies = (
			);
			name = Blocstagram;
			productName = Blocstagram;
			productReference = D4AF6F0A1BC5A7BA0005FA0E /* Blocstagram.app */;
			productType = "com.apple.product-type.application";
		};
		D4AF6F221BC5A7BA0005FA0E /* BlocstagramTests */ = {
			isa = PBXNativeTarget;
			buildConfigurationList = D4AF6F301BC5A7BA0005FA0E /* Build configuration list for PBXNativeTarget "BlocstagramTests" */;
			buildPhases = (
				D4AF6F1F1BC5A7BA0005FA0E /* Sources */,
				D4AF6F201BC5A7BA0005FA0E /* Frameworks */,
				D4AF6F211BC5A7BA0005FA0E /* Resources */,
			);
			buildRules = (
			);
			dependencies = (
				D4AF6F251BC5A7BA0005FA0E /* PBXTargetDependency */,
			);
			name = BlocstagramTests;
			productName = BlocstagramTests;
			productReference = D4AF6F231BC5A7BA0005FA0E /* BlocstagramTests.xctest */;
			productType = "com.apple.product-type.bundle.unit-test";
		};
/* End PBXNativeTarget section */

/* Begin PBXProject section */
		D4AF6F021BC5A7BA0005FA0E /* Project object */ = {
			isa = PBXProject;
			attributes = {
				LastUpgradeCheck = 0610;
				ORGANIZATIONNAME = "Robert von Stange";
				TargetAttributes = {
					D4AF6F091BC5A7BA0005FA0E = {
						CreatedOnToolsVersion = 6.1.1;
						DevelopmentTeam = Q9UD2MFM52;
					};
					D4AF6F221BC5A7BA0005FA0E = {
						CreatedOnToolsVersion = 6.1.1;
						TestTargetID = D4AF6F091BC5A7BA0005FA0E;
					};
				};
			};
			buildConfigurationList = D4AF6F051BC5A7BA0005FA0E /* Build configuration list for PBXProject "Blocstagram" */;
			compatibilityVersion = "Xcode 3.2";
			developmentRegion = English;
			hasScannedForEncodings = 0;
			knownRegions = (
				en,
				Base,
			);
			mainGroup = D4AF6F011BC5A7BA0005FA0E;
			productRefGroup = D4AF6F0B1BC5A7BA0005FA0E /* Products */;
			projectDirPath = "";
			projectRoot = "";
			targets = (
				D4AF6F091BC5A7BA0005FA0E /* Blocstagram */,
				D4AF6F221BC5A7BA0005FA0E /* BlocstagramTests */,
			);
		};
/* End PBXProject section */

/* Begin PBXResourcesBuildPhase section */
		D4AF6F081BC5A7BA0005FA0E /* Resources */ = {
			isa = PBXResourcesBuildPhase;
			buildActionMask = 2147483647;
			files = (
				D4AF6F461BC5A8F30005FA0E /* 9.jpg in Resources */,
				D4AF6F451BC5A8F30005FA0E /* 8.jpg in Resources */,
				D4AF6F411BC5A8F30005FA0E /* 4.jpg in Resources */,
				D4AF6F401BC5A8F30005FA0E /* 3.jpg in Resources */,
				D4AF6F431BC5A8F30005FA0E /* 6.jpg in Resources */,
				D4AF6F3E1BC5A8F30005FA0E /* 1.jpg in Resources */,
				D4AF6F421BC5A8F30005FA0E /* 5.jpg in Resources */,
				D4AF6F441BC5A8F30005FA0E /* 7.jpg in Resources */,
				D402A58A1BDF341C00463B84 /* Launch Screen.xib in Resources */,
				D4AF6F3F1BC5A8F30005FA0E /* 2.jpg in Resources */,
				D4AF6F471BC5A8F30005FA0E /* 10.jpg in Resources */,
				D4AF6F1B1BC5A7BA0005FA0E /* Images.xcassets in Resources */,
			);
			runOnlyForDeploymentPostprocessing = 0;
		};
		D4AF6F211BC5A7BA0005FA0E /* Resources */ = {
			isa = PBXResourcesBuildPhase;
			buildActionMask = 2147483647;
			files = (
			);
			runOnlyForDeploymentPostprocessing = 0;
		};
/* End PBXResourcesBuildPhase section */

/* Begin PBXShellScriptBuildPhase section */
		4FF0AFC1EC86198EF6176A30 /* Check Pods Manifest.lock */ = {
			isa = PBXShellScriptBuildPhase;
			buildActionMask = 2147483647;
			files = (
			);
			inputPaths = (
			);
			name = "Check Pods Manifest.lock";
			outputPaths = (
			);
			runOnlyForDeploymentPostprocessing = 0;
			shellPath = /bin/sh;
			shellScript = "diff \"${PODS_ROOT}/../Podfile.lock\" \"${PODS_ROOT}/Manifest.lock\" > /dev/null\nif [[ $? != 0 ]] ; then\n    cat << EOM\nerror: The sandbox is not in sync with the Podfile.lock. Run 'pod install' or update your CocoaPods installation.\nEOM\n    exit 1\nfi\n";
			showEnvVarsInLog = 0;
		};
		9191C2E5E18BC693698202FD /* Copy Pods Resources */ = {
			isa = PBXShellScriptBuildPhase;
			buildActionMask = 2147483647;
			files = (
			);
			inputPaths = (
			);
			name = "Copy Pods Resources";
			outputPaths = (
			);
			runOnlyForDeploymentPostprocessing = 0;
			shellPath = /bin/sh;
			shellScript = "\"${SRCROOT}/Pods/Target Support Files/Pods/Pods-resources.sh\"\n";
			showEnvVarsInLog = 0;
		};
		C5956AB32C43A6741E41A152 /* Embed Pods Frameworks */ = {
			isa = PBXShellScriptBuildPhase;
			buildActionMask = 2147483647;
			files = (
			);
			inputPaths = (
			);
			name = "Embed Pods Frameworks";
			outputPaths = (
			);
			runOnlyForDeploymentPostprocessing = 0;
			shellPath = /bin/sh;
			shellScript = "\"${SRCROOT}/Pods/Target Support Files/Pods/Pods-frameworks.sh\"\n";
			showEnvVarsInLog = 0;
		};
/* End PBXShellScriptBuildPhase section */

/* Begin PBXSourcesBuildPhase section */
		D4AF6F061BC5A7BA0005FA0E /* Sources */ = {
			isa = PBXSourcesBuildPhase;
			buildActionMask = 2147483647;
			files = (
				D409C7E21BD02EED001CC4BC /* MediaFullScreenViewController.m in Sources */,
				D402A57A1BD8888D00463B84 /* PhotoHeaderView.m in Sources */,
				D402A5741BD80EEE00463B84 /* CropImageViewController.m in Sources */,
				D4AF6F4D1BC5E4940005FA0E /* User.m in Sources */,
				D4AF6F531BC5E5DF0005FA0E /* Comment.m in Sources */,
				D409C7E81BD47C50001CC4BC /* CircularSpinnerView.m in Sources */,
				D4AF6F591BC5FCED0005FA0E /* MediaTableViewCell.m in Sources */,
				D409C7E51BD19359001CC4BC /* MediaFullScreenAnimator.m in Sources */,
				D4AF6F501BC5E5890005FA0E /* Media.m in Sources */,
				D402A5711BD80AA300463B84 /* CropBox.m in Sources */,
				D4AF6F131BC5A7BA0005FA0E /* AppDelegate.m in Sources */,
				D402E0951BCE97CC00BA72F5 /* LoginViewController.m in Sources */,
				D402A56B1BD6E31400463B84 /* CameraViewController.m in Sources */,
				D402A5681BD6963300463B84 /* CameraToolbar.m in Sources */,
				D4AF6F561BC5E6F20005FA0E /* DataSource.m in Sources */,
				D402A5771BD8449000463B84 /* ImageLibraryViewController.m in Sources */,
				D402A5801BDA93D800463B84 /* FilterViewCell.m in Sources */,
				D409C7EB1BD48F05001CC4BC /* LikeButton.m in Sources */,
				D402A56E1BD6EA3500463B84 /* UIImage+ImageUtilities.m in Sources */,
				D402A57D1BD98D5600463B84 /* PostToInstagramViewController.m in Sources */,
				D402A5651BD5C5CE00463B84 /* ComposeCommentView.m in Sources */,
				D4AF6F101BC5A7BA0005FA0E /* main.m in Sources */,
				D4AF6F4A1BC5A93C0005FA0E /* ImagesTableViewController.m in Sources */,
			);
			runOnlyForDeploymentPostprocessing = 0;
		};
		D4AF6F1F1BC5A7BA0005FA0E /* Sources */ = {
			isa = PBXSourcesBuildPhase;
			buildActionMask = 2147483647;
			files = (
				D402A5881BDEC57A00463B84 /* MediaCellHeightTest.m in Sources */,
				D402A5861BDEA8FD00463B84 /* CommentComposeTest.m in Sources */,
				D402A5841BDAC58400463B84 /* MediaTests.m in Sources */,
				D402A5821BDAC47E00463B84 /* UserTests.m in Sources */,
				D4AF6F2A1BC5A7BA0005FA0E /* BlocstagramTests.m in Sources */,
			);
			runOnlyForDeploymentPostprocessing = 0;
		};
/* End PBXSourcesBuildPhase section */

/* Begin PBXTargetDependency section */
		D4AF6F251BC5A7BA0005FA0E /* PBXTargetDependency */ = {
			isa = PBXTargetDependency;
			target = D4AF6F091BC5A7BA0005FA0E /* Blocstagram */;
			targetProxy = D4AF6F241BC5A7BA0005FA0E /* PBXContainerItemProxy */;
		};
/* End PBXTargetDependency section */

/* Begin XCBuildConfiguration section */
		D4AF6F2B1BC5A7BA0005FA0E /* Debug */ = {
			isa = XCBuildConfiguration;
			buildSettings = {
				ALWAYS_SEARCH_USER_PATHS = NO;
				CLANG_CXX_LANGUAGE_STANDARD = "gnu++0x";
				CLANG_CXX_LIBRARY = "libc++";
				CLANG_ENABLE_MODULES = YES;
				CLANG_ENABLE_OBJC_ARC = YES;
				CLANG_WARN_BOOL_CONVERSION = YES;
				CLANG_WARN_CONSTANT_CONVERSION = YES;
				CLANG_WARN_DIRECT_OBJC_ISA_USAGE = YES_ERROR;
				CLANG_WARN_EMPTY_BODY = YES;
				CLANG_WARN_ENUM_CONVERSION = YES;
				CLANG_WARN_INT_CONVERSION = YES;
				CLANG_WARN_OBJC_ROOT_CLASS = YES_ERROR;
				CLANG_WARN_UNREACHABLE_CODE = YES;
				CLANG_WARN__DUPLICATE_METHOD_MATCH = YES;
				"CODE_SIGN_IDENTITY[sdk=iphoneos*]" = "iPhone Developer";
				COPY_PHASE_STRIP = NO;
				ENABLE_STRICT_OBJC_MSGSEND = YES;
				GCC_C_LANGUAGE_STANDARD = gnu99;
				GCC_DYNAMIC_NO_PIC = NO;
				GCC_OPTIMIZATION_LEVEL = 0;
				GCC_PREPROCESSOR_DEFINITIONS = (
					"DEBUG=1",
					"$(inherited)",
				);
				GCC_SYMBOLS_PRIVATE_EXTERN = NO;
				GCC_WARN_64_TO_32_BIT_CONVERSION = YES;
				GCC_WARN_ABOUT_RETURN_TYPE = YES_ERROR;
				GCC_WARN_UNDECLARED_SELECTOR = YES;
				GCC_WARN_UNINITIALIZED_AUTOS = YES_AGGRESSIVE;
				GCC_WARN_UNUSED_FUNCTION = YES;
				GCC_WARN_UNUSED_VARIABLE = YES;
				IPHONEOS_DEPLOYMENT_TARGET = 8.1;
				MTL_ENABLE_DEBUG_INFO = YES;
				ONLY_ACTIVE_ARCH = YES;
				SDKROOT = iphoneos;
				TARGETED_DEVICE_FAMILY = "1,2";
			};
			name = Debug;
		};
		D4AF6F2C1BC5A7BA0005FA0E /* Release */ = {
			isa = XCBuildConfiguration;
			buildSettings = {
				ALWAYS_SEARCH_USER_PATHS = NO;
				CLANG_CXX_LANGUAGE_STANDARD = "gnu++0x";
				CLANG_CXX_LIBRARY = "libc++";
				CLANG_ENABLE_MODULES = YES;
				CLANG_ENABLE_OBJC_ARC = YES;
				CLANG_WARN_BOOL_CONVERSION = YES;
				CLANG_WARN_CONSTANT_CONVERSION = YES;
				CLANG_WARN_DIRECT_OBJC_ISA_USAGE = YES_ERROR;
				CLANG_WARN_EMPTY_BODY = YES;
				CLANG_WARN_ENUM_CONVERSION = YES;
				CLANG_WARN_INT_CONVERSION = YES;
				CLANG_WARN_OBJC_ROOT_CLASS = YES_ERROR;
				CLANG_WARN_UNREACHABLE_CODE = YES;
				CLANG_WARN__DUPLICATE_METHOD_MATCH = YES;
				"CODE_SIGN_IDENTITY[sdk=iphoneos*]" = "iPhone Developer";
				COPY_PHASE_STRIP = YES;
				ENABLE_NS_ASSERTIONS = NO;
				ENABLE_STRICT_OBJC_MSGSEND = YES;
				GCC_C_LANGUAGE_STANDARD = gnu99;
				GCC_WARN_64_TO_32_BIT_CONVERSION = YES;
				GCC_WARN_ABOUT_RETURN_TYPE = YES_ERROR;
				GCC_WARN_UNDECLARED_SELECTOR = YES;
				GCC_WARN_UNINITIALIZED_AUTOS = YES_AGGRESSIVE;
				GCC_WARN_UNUSED_FUNCTION = YES;
				GCC_WARN_UNUSED_VARIABLE = YES;
				IPHONEOS_DEPLOYMENT_TARGET = 8.1;
				MTL_ENABLE_DEBUG_INFO = NO;
				SDKROOT = iphoneos;
				TARGETED_DEVICE_FAMILY = "1,2";
				VALIDATE_PRODUCT = YES;
			};
			name = Release;
		};
		D4AF6F2E1BC5A7BA0005FA0E /* Debug */ = {
			isa = XCBuildConfiguration;
			baseConfigurationReference = A61D1C1FFEE0FEA91B509245 /* Pods.debug.xcconfig */;
			buildSettings = {
				ASSETCATALOG_COMPILER_APPICON_NAME = AppIcon;
				CODE_SIGN_IDENTITY = "iPhone Developer";
				INFOPLIST_FILE = Blocstagram/Info.plist;
				LD_RUNPATH_SEARCH_PATHS = "$(inherited) @executable_path/Frameworks";
				PRODUCT_NAME = "$(TARGET_NAME)";
			};
			name = Debug;
		};
		D4AF6F2F1BC5A7BA0005FA0E /* Release */ = {
			isa = XCBuildConfiguration;
			baseConfigurationReference = D778A2B4EEEC57AED93EB5D2 /* Pods.release.xcconfig */;
			buildSettings = {
				ASSETCATALOG_COMPILER_APPICON_NAME = AppIcon;
				CODE_SIGN_IDENTITY = "iPhone Developer";
				INFOPLIST_FILE = Blocstagram/Info.plist;
				LD_RUNPATH_SEARCH_PATHS = "$(inherited) @executable_path/Frameworks";
				PRODUCT_NAME = "$(TARGET_NAME)";
			};
			name = Release;
		};
		D4AF6F311BC5A7BA0005FA0E /* Debug */ = {
			isa = XCBuildConfiguration;
			buildSettings = {
				BUNDLE_LOADER = "$(TEST_HOST)";
				FRAMEWORK_SEARCH_PATHS = (
					"$(SDKROOT)/Developer/Library/Frameworks",
					"$(inherited)",
				);
				GCC_PREPROCESSOR_DEFINITIONS = (
					"DEBUG=1",
					"$(inherited)",
				);
				INFOPLIST_FILE = BlocstagramTests/Info.plist;
				LD_RUNPATH_SEARCH_PATHS = "$(inherited) @executable_path/Frameworks @loader_path/Frameworks";
				PRODUCT_NAME = "$(TARGET_NAME)";
				TEST_HOST = "$(BUILT_PRODUCTS_DIR)/Blocstagram.app/Blocstagram";
			};
			name = Debug;
		};
		D4AF6F321BC5A7BA0005FA0E /* Release */ = {
			isa = XCBuildConfiguration;
			buildSettings = {
				BUNDLE_LOADER = "$(TEST_HOST)";
				FRAMEWORK_SEARCH_PATHS = (
					"$(SDKROOT)/Developer/Library/Frameworks",
					"$(inherited)",
				);
				INFOPLIST_FILE = BlocstagramTests/Info.plist;
				LD_RUNPATH_SEARCH_PATHS = "$(inherited) @executable_path/Frameworks @loader_path/Frameworks";
				PRODUCT_NAME = "$(TARGET_NAME)";
				TEST_HOST = "$(BUILT_PRODUCTS_DIR)/Blocstagram.app/Blocstagram";
			};
			name = Release;
		};
/* End XCBuildConfiguration section */

/* Begin XCConfigurationList section */
		D4AF6F051BC5A7BA0005FA0E /* Build configuration list for PBXProject "Blocstagram" */ = {
			isa = XCConfigurationList;
			buildConfigurations = (
				D4AF6F2B1BC5A7BA0005FA0E /* Debug */,
				D4AF6F2C1BC5A7BA0005FA0E /* Release */,
			);
			defaultConfigurationIsVisible = 0;
			defaultConfigurationName = Release;
		};
		D4AF6F2D1BC5A7BA0005FA0E /* Build configuration list for PBXNativeTarget "Blocstagram" */ = {
			isa = XCConfigurationList;
			buildConfigurations = (
				D4AF6F2E1BC5A7BA0005FA0E /* Debug */,
				D4AF6F2F1BC5A7BA0005FA0E /* Release */,
			);
			defaultConfigurationIsVisible = 0;
			defaultConfigurationName = Release;
		};
		D4AF6F301BC5A7BA0005FA0E /* Build configuration list for PBXNativeTarget "BlocstagramTests" */ = {
			isa = XCConfigurationList;
			buildConfigurations = (
				D4AF6F311BC5A7BA0005FA0E /* Debug */,
				D4AF6F321BC5A7BA0005FA0E /* Release */,
			);
			defaultConfigurationIsVisible = 0;
			defaultConfigurationName = Release;
		};
/* End XCConfigurationList section */
	};
	rootObject = D4AF6F021BC5A7BA0005FA0E /* Project object */;
}
